Microsoft Visual Studio Solution File, Format Version 12.00
# Visual Studio Version 17
VisualStudioVersion = 17.5.2.0
MinimumVisualStudioVersion = 10.0.40219.1
Project("{FAE04EC0-301F-11D3-BF4B-00C04F79EFBC}") = "GymTrackerApi", "GymTrackerApi\GymTrackerApi.csproj", "{F5A207CF-93F1-3227-F90A-8C695FB53657}"
EndProject
Global
	GlobalSection(SolutionConfigurationPlatforms) = preSolution
		Debug|Any CPU = Debug|Any CPU
		Release|Any CPU = Release|Any CPU
	EndGlobalSection
	GlobalSection(ProjectConfigurationPlatforms) = postSolution
		{F5A207CF-93F1-3227-F90A-8C695FB53657}.Debug|Any CPU.ActiveCfg = Debug|Any CPU
		{F5A207CF-93F1-3227-F90A-8C695FB53657}.Debug|Any CPU.Build.0 = Debug|Any CPU
		{F5A207CF-93F1-3227-F90A-8C695FB53657}.Release|Any CPU.ActiveCfg = Release|Any CPU
		{F5A207CF-93F1-3227-F90A-8C695FB53657}.Release|Any CPU.Build.0 = Release|Any CPU
	EndGlobalSection
	GlobalSection(SolutionProperties) = preSolution
		HideSolutionNode = FALSE
	EndGlobalSection
	GlobalSection(ExtensibilityGlobals) = postSolution
		SolutionGuid = {B39F070A-4E23-43B7-A68E-7C716FDDF394}
	EndGlobalSection
EndGlobal
